
Microsoft Visual Studio Solution File, Format Version 12.00
# Visual Studio 15
VisualStudioVersion = 15.0.28010.2036
MinimumVisualStudioVersion = 10.0.40219.1
Project("{FAE04EC0-301F-11D3-BF4B-00C04F79EFBC}") = "XConnectPOC.Web", "XConnectPOC.Web\XConnectPOC.Web.csproj", "{D4575C23-B970-469B-846A-C35EC6054E68}"
EndProject
Project("{FAE04EC0-301F-11D3-BF4B-00C04F79EFBC}") = "XConnectPOC.Collection.Model", "XConnectPOC.Collection.Model\XConnectPOC.Collection.Model.csproj", "{14A548F4-C004-4710-A4AE-9973512E4B61}"
EndProject
Project("{FAE04EC0-301F-11D3-BF4B-00C04F79EFBC}") = "XConnectPOC.Collection.Model.Serialization", "XConnectPOC.Collection.Model.Serialization\XConnectPOC.Collection.Model.Serialization.csproj", "{028C3F78-D576-4269-91E8-4559F33B9FDC}"
EndProject
Project("{FAE04EC0-301F-11D3-BF4B-00C04F79EFBC}") = "XConnectPOC.Analytics", "XConnectPOC.Analytics\XConnectPOC.Analytics.csproj", "{A21D506D-5A31-4A47-B94F-6127EFBCD8A3}"
EndProject
Project("{FAE04EC0-301F-11D3-BF4B-00C04F79EFBC}") = "XConnectPOC.Console", "XConnectPOC.Console\XConnectPOC.Console.csproj", "{7D6BDC49-0D69-4268-ABC7-54CEA242BFCE}"
EndProject
Project("{CAA73BB0-EF22-4D79-A57E-DF67B3BA9C80}") = "XConnectPOC.TDS.Master", "XConnectPOC.TDS.Master\XConnectPOC.TDS.Master.scproj", "{42CD4200-E45F-4758-9D4B-C8C95C22C4ED}"
EndProject
Global
	GlobalSection(SolutionConfigurationPlatforms) = preSolution
		Debug|Any CPU = Debug|Any CPU
		Release|Any CPU = Release|Any CPU
	EndGlobalSection
	GlobalSection(ProjectConfigurationPlatforms) = postSolution
		{D4575C23-B970-469B-846A-C35EC6054E68}.Debug|Any CPU.ActiveCfg = Debug|Any CPU
		{D4575C23-B970-469B-846A-C35EC6054E68}.Debug|Any CPU.Build.0 = Debug|Any CPU
		{D4575C23-B970-469B-846A-C35EC6054E68}.Release|Any CPU.ActiveCfg = Release|Any CPU
		{D4575C23-B970-469B-846A-C35EC6054E68}.Release|Any CPU.Build.0 = Release|Any CPU
		{14A548F4-C004-4710-A4AE-9973512E4B61}.Debug|Any CPU.ActiveCfg = Debug|Any CPU
		{14A548F4-C004-4710-A4AE-9973512E4B61}.Debug|Any CPU.Build.0 = Debug|Any CPU
		{14A548F4-C004-4710-A4AE-9973512E4B61}.Release|Any CPU.ActiveCfg = Release|Any CPU
		{14A548F4-C004-4710-A4AE-9973512E4B61}.Release|Any CPU.Build.0 = Release|Any CPU
		{028C3F78-D576-4269-91E8-4559F33B9FDC}.Debug|Any CPU.ActiveCfg = Debug|Any CPU
		{028C3F78-D576-4269-91E8-4559F33B9FDC}.Debug|Any CPU.Build.0 = Debug|Any CPU
		{028C3F78-D576-4269-91E8-4559F33B9FDC}.Release|Any CPU.ActiveCfg = Release|Any CPU
		{028C3F78-D576-4269-91E8-4559F33B9FDC}.Release|Any CPU.Build.0 = Release|Any CPU
		{A21D506D-5A31-4A47-B94F-6127EFBCD8A3}.Debug|Any CPU.ActiveCfg = Debug|Any CPU
		{A21D506D-5A31-4A47-B94F-6127EFBCD8A3}.Debug|Any CPU.Build.0 = Debug|Any CPU
		{A21D506D-5A31-4A47-B94F-6127EFBCD8A3}.Release|Any CPU.ActiveCfg = Release|Any CPU
		{A21D506D-5A31-4A47-B94F-6127EFBCD8A3}.Release|Any CPU.Build.0 = Release|Any CPU
		{7D6BDC49-0D69-4268-ABC7-54CEA242BFCE}.Debug|Any CPU.ActiveCfg = Debug|Any CPU
		{7D6BDC49-0D69-4268-ABC7-54CEA242BFCE}.Debug|Any CPU.Build.0 = Debug|Any CPU
		{7D6BDC49-0D69-4268-ABC7-54CEA242BFCE}.Release|Any CPU.ActiveCfg = Release|Any CPU
		{7D6BDC49-0D69-4268-ABC7-54CEA242BFCE}.Release|Any CPU.Build.0 = Release|Any CPU
		{42CD4200-E45F-4758-9D4B-C8C95C22C4ED}.Debug|Any CPU.ActiveCfg = Debug|Any CPU
		{42CD4200-E45F-4758-9D4B-C8C95C22C4ED}.Debug|Any CPU.Build.0 = Debug|Any CPU
		{42CD4200-E45F-4758-9D4B-C8C95C22C4ED}.Debug|Any CPU.Deploy.0 = Debug|Any CPU
		{42CD4200-E45F-4758-9D4B-C8C95C22C4ED}.Release|Any CPU.ActiveCfg = Release|Any CPU
		{42CD4200-E45F-4758-9D4B-C8C95C22C4ED}.Release|Any CPU.Build.0 = Release|Any CPU
		{42CD4200-E45F-4758-9D4B-C8C95C22C4ED}.Release|Any CPU.Deploy.0 = Release|Any CPU
	EndGlobalSection
	GlobalSection(SolutionProperties) = preSolution
		HideSolutionNode = FALSE
	EndGlobalSection
	GlobalSection(ExtensibilityGlobals) = postSolution
		SolutionGuid = {91EA2EE9-75A7-4DE4-B22A-0F137EEAA571}
	EndGlobalSection
EndGlobal
